
Microsoft Visual Studio Solution File, Format Version 12.00
# Visual Studio Version 16
VisualStudioVersion = 16.0.30804.86
MinimumVisualStudioVersion = 10.0.40219.1
Project("{9A19103F-16F7-4668-BE54-9A1E7A4F7556}") = "ApiPerson", "ApiPerson.csproj", "{1C954940-3B1D-4E25-87BA-281D4ACEC156}"
EndProject
Project("{FAE04EC0-301F-11D3-BF4B-00C04F79EFBC}") = "ApiPerson.Test", "..\ApiPerson.Test\ApiPerson.Test.csproj", "{D42E9A6C-B2B2-42A0-9BE9-2DA8A41DFE9F}"
EndProject
Global
	GlobalSection(SolutionConfigurationPlatforms) = preSolution
		Debug|Any CPU = Debug|Any CPU
		Release|Any CPU = Release|Any CPU
	EndGlobalSection
	GlobalSection(ProjectConfigurationPlatforms) = postSolution
		{1C954940-3B1D-4E25-87BA-281D4ACEC156}.Debug|Any CPU.ActiveCfg = Debug|Any CPU
		{1C954940-3B1D-4E25-87BA-281D4ACEC156}.Debug|Any CPU.Build.0 = Debug|Any CPU
		{1C954940-3B1D-4E25-87BA-281D4ACEC156}.Release|Any CPU.ActiveCfg = Release|Any CPU
		{1C954940-3B1D-4E25-87BA-281D4ACEC156}.Release|Any CPU.Build.0 = Release|Any CPU
		{D42E9A6C-B2B2-42A0-9BE9-2DA8A41DFE9F}.Debug|Any CPU.ActiveCfg = Debug|Any CPU
		{D42E9A6C-B2B2-42A0-9BE9-2DA8A41DFE9F}.Debug|Any CPU.Build.0 = Debug|Any CPU
		{D42E9A6C-B2B2-42A0-9BE9-2DA8A41DFE9F}.Release|Any CPU.ActiveCfg = Release|Any CPU
		{D42E9A6C-B2B2-42A0-9BE9-2DA8A41DFE9F}.Release|Any CPU.Build.0 = Release|Any CPU
	EndGlobalSection
	GlobalSection(SolutionProperties) = preSolution
		HideSolutionNode = FALSE
	EndGlobalSection
	GlobalSection(ExtensibilityGlobals) = postSolution
		SolutionGuid = {7D8F6689-9994-43E5-B2D8-CDA02E2A03F5}
	EndGlobalSection
EndGlobal
